
Microsoft Visual Studio Solution File, Format Version 12.00
# Visual Studio Version 17
VisualStudioVersion = 17.1.32319.34
MinimumVisualStudioVersion = 10.0.40219.1
Project("{9A19103F-16F7-4668-BE54-9A1E7A4F7556}") = "Library.API", "Library.API\Library.API.csproj", "{89FB312B-0EAC-4E73-AFA5-C6722B64C844}"
EndProject
Project("{FAE04EC0-301F-11D3-BF4B-00C04F79EFBC}") = "Library.UnitTest", "Library.UnitTest\Library.UnitTest.csproj", "{2E7AD66D-99EF-44EF-9CA4-7E79BC805140}"
EndProject
Global
	GlobalSection(SolutionConfigurationPlatforms) = preSolution
		Debug|Any CPU = Debug|Any CPU
		Release|Any CPU = Release|Any CPU
	EndGlobalSection
	GlobalSection(ProjectConfigurationPlatforms) = postSolution
		{89FB312B-0EAC-4E73-AFA5-C6722B64C844}.Debug|Any CPU.ActiveCfg = Debug|Any CPU
		{89FB312B-0EAC-4E73-AFA5-C6722B64C844}.Debug|Any CPU.Build.0 = Debug|Any CPU
		{89FB312B-0EAC-4E73-AFA5-C6722B64C844}.Release|Any CPU.ActiveCfg = Release|Any CPU
		{89FB312B-0EAC-4E73-AFA5-C6722B64C844}.Release|Any CPU.Build.0 = Release|Any CPU
		{2E7AD66D-99EF-44EF-9CA4-7E79BC805140}.Debug|Any CPU.ActiveCfg = Debug|Any CPU
		{2E7AD66D-99EF-44EF-9CA4-7E79BC805140}.Debug|Any CPU.Build.0 = Debug|Any CPU
		{2E7AD66D-99EF-44EF-9CA4-7E79BC805140}.Release|Any CPU.ActiveCfg = Release|Any CPU
		{2E7AD66D-99EF-44EF-9CA4-7E79BC805140}.Release|Any CPU.Build.0 = Release|Any CPU
	EndGlobalSection
	GlobalSection(SolutionProperties) = preSolution
		HideSolutionNode = FALSE
	EndGlobalSection
	GlobalSection(ExtensibilityGlobals) = postSolution
		SolutionGuid = {6C5706AD-8597-4287-93B2-FEB70AA8BD89}
	EndGlobalSection
EndGlobal
